PODS:
  - Alamofire (4.3.0)
  - Nimble (6.0.1)
  - OHHTTPStubs (5.2.3):
    - OHHTTPStubs/Default (= 5.2.3)
  - OHHTTPStubs/Core (5.2.3)
  - OHHTTPStubs/Default (5.2.3):
    - OHHTTPStubs/Core
    - OHHTTPStubs/JSON
    - OHHTTPStubs/NSURLSession
    - OHHTTPStubs/OHPathHelpers
  - OHHTTPStubs/JSON (5.2.3):
    - OHHTTPStubs/Core
  - OHHTTPStubs/NSURLSession (5.2.3):
    - OHHTTPStubs/Core
  - OHHTTPStubs/OHPathHelpers (5.2.3)
  - Quick (1.1.0)
  - SwiftyJSON (3.1.4)

DEPENDENCIES:
  - Alamofire (~> 4.3.0)
  - Nimble
  - OHHTTPStubs
  - Quick
  - SwiftyJSON (~> 3.1.4)

SPEC CHECKSUMS:
  Alamofire: 856a113053a7bc9cbe5d6367a555d773fc5cfef7
  Nimble: 1527fd1bd2b4cf0636251a36bc8ab37e81da8347
  OHHTTPStubs: e238cd5b66d8efa51c861db45895de8fe079f4a7
  Quick: dafc587e21eed9f4cab3249b9f9015b0b7a7f71d
  SwiftyJSON: c2842d878f95482ffceec5709abc3d05680c0220

PODFILE CHECKSUM: e5bd8367ff45a40fe5e4cda509091c66a59ddbe8

COCOAPODS: 1.2.0.beta.1
